
Microsoft Visual Studio Solution File, Format Version 12.00
# Visual Studio 15
VisualStudioVersion = 15.0.28307.960
MinimumVisualStudioVersion = 10.0.40219.1
Project("{FAE04EC0-301F-11D3-BF4B-00C04F79EFBC}") = "Senai.Peoples.WebApi", "Senai.Peoples.WebApi\Senai.Peoples.WebApi.csproj", "{6C5DB9EF-BFC6-4B94-863C-D5F14992CFB2}"
EndProject
Global
	GlobalSection(SolutionConfigurationPlatforms) = preSolution
		Debug|Any CPU = Debug|Any CPU
		Release|Any CPU = Release|Any CPU
	EndGlobalSection
	GlobalSection(ProjectConfigurationPlatforms) = postSolution
		{6C5DB9EF-BFC6-4B94-863C-D5F14992CFB2}.Debug|Any CPU.ActiveCfg = Debug|Any CPU
		{6C5DB9EF-BFC6-4B94-863C-D5F14992CFB2}.Debug|Any CPU.Build.0 = Debug|Any CPU
		{6C5DB9EF-BFC6-4B94-863C-D5F14992CFB2}.Release|Any CPU.ActiveCfg = Release|Any CPU
		{6C5DB9EF-BFC6-4B94-863C-D5F14992CFB2}.Release|Any CPU.Build.0 = Release|Any CPU
	EndGlobalSection
	GlobalSection(SolutionProperties) = preSolution
		HideSolutionNode = FALSE
	EndGlobalSection
	GlobalSection(ExtensibilityGlobals) = postSolution
		SolutionGuid = {E297A22A-298F-49C4-BF19-93B7B752E1F8}
	EndGlobalSection
EndGlobal
